PODS:
  - AmazingDelegateCommand (0.0.1)
  - SnapKit (5.0.1)

DEPENDENCIES:
  - AmazingDelegateCommand (from `../`)
  - SnapKit (= 5.0.1)

SPEC REPOS:
  trunk:
    - SnapKit

EXTERNAL SOURCES:
  AmazingDelegateCommand:
    :path: "../"

SPEC CHECKSUMS:
  AmazingDelegateCommand: 2522ecdfe90757381005e397b62f7c8763cb1c0e
  SnapKit: 97b92857e3df3a0c71833cce143274bf6ef8e5eb

PODFILE CHECKSUM: 0d605d149b44377ab3156f7b295c83d20a502d34

COCOAPODS: 1.10.1
