{
  "object": {
    "pins": [
      {
        "package": "AmazingWeakSequence",
        "repositoryURL": "https://github.com/khamitimur/AmazingWeakSequence",
        "state": {
          "branch": null,
          "revision": "4edb547c2d8ddcd4a84d27d15972c3fa66fcc248",
          "version": "1.2.3"
        }
      }
    ]
  },
  "version": 1
}
