{
  "object": {
    "pins": [
      {
        "package": "AmazingWeakSequence",
        "repositoryURL": "https://github.com/khamitimur/AmazingWeakSequence",
        "state": {
          "branch": null,
          "revision": "ac841418654d023106e06468567ff4a7df9145aa",
          "version": "1.1.0"
        }
      }
    ]
  },
  "version": 1
}
